
Microsoft Visual Studio Solution File, Format Version 12.00
# Visual Studio Version 17
VisualStudioVersion = 17.4.33103.184
MinimumVisualStudioVersion = 10.0.40219.1
Project("{2150E333-8FDC-42A3-9474-1A3956D46DE8}") = "src", "src", "{0F8D7355-F530-40C9-A64D-ABA3CFA6C79F}"
EndProject
Project("{2150E333-8FDC-42A3-9474-1A3956D46DE8}") = "props", "props", "{FE5006F7-3EF9-4265-8387-96C1E24D5660}"
	ProjectSection(SolutionItems) = preProject
		props\Hosting.Publish.props = props\Hosting.Publish.props
		props\Hosting.Version.props = props\Hosting.Version.props
	EndProjectSection
EndProject
Project("{2150E333-8FDC-42A3-9474-1A3956D46DE8}") = "test", "test", "{E54AF2F8-8C5F-4A19-BD6E-E63DEC4CA1AD}"
EndProject
Project("{9A19103F-16F7-4668-BE54-9A1E7A4F7556}") = "Yangtao.Hosting.Abstractions", "src\Yangtao.Hosting.Abstractions\Yangtao.Hosting.Abstractions.csproj", "{F08E8E4B-11E6-4CEF-93CE-777CB5AA2313}"
EndProject
Project("{9A19103F-16F7-4668-BE54-9A1E7A4F7556}") = "Yangtao.Hosting.Common", "src\Yangtao.Hosting.Common\Yangtao.Hosting.Common.csproj", "{177CDE56-8FB0-4BEA-A27F-0C09C28AB7A0}"
EndProject
Project("{9A19103F-16F7-4668-BE54-9A1E7A4F7556}") = "Yangtao.Hosting.Core", "src\Yangtao.Hosting.Core\Yangtao.Hosting.Core.csproj", "{78117348-C2F0-420C-991C-F8F85CC45168}"
EndProject
Project("{2150E333-8FDC-42A3-9474-1A3956D46DE8}") = "Cache", "Cache", "{7A1579E9-5D3B-4E55-9567-A9C3360A56CA}"
EndProject
Project("{2150E333-8FDC-42A3-9474-1A3956D46DE8}") = "MessageQueue", "MessageQueue", "{AD7CF780-FBA8-436D-B141-EADB8AEAD28B}"
EndProject
Project("{9A19103F-16F7-4668-BE54-9A1E7A4F7556}") = "Yangtao.Hosting.MessageQueue.Abstractions", "src\MessageQueue\Yangtao.Hosting.MessageQueue.Abstractions\Yangtao.Hosting.MessageQueue.Abstractions.csproj", "{ADA18BB6-6BDE-4E16-BBD1-0BFEE5DDDF45}"
EndProject
Project("{9A19103F-16F7-4668-BE54-9A1E7A4F7556}") = "Yangtao.Hosting.MessageQueue.BufferQueue", "src\MessageQueue\Yangtao.Hosting.MessageQueue.BufferQueue\Yangtao.Hosting.MessageQueue.BufferQueue.csproj", "{C924E65F-4E7A-4E11-B349-49477BC9E623}"
EndProject
Project("{9A19103F-16F7-4668-BE54-9A1E7A4F7556}") = "Yangtao.Hosting.Cache.Redis", "src\Cache\Yangtao.Hosting.Cache.Redis\Yangtao.Hosting.Cache.Redis.csproj", "{F945F9AE-E2D3-47A2-8AF6-55FF7CAEB3C4}"
EndProject
Project("{9A19103F-16F7-4668-BE54-9A1E7A4F7556}") = "Yangtao.Hosting.Cache.Memory", "src\Cache\Yangtao.Hosting.Cache.Memory\Yangtao.Hosting.Cache.Memory.csproj", "{1F57065D-022C-4B4C-AA0C-022D10E39608}"
EndProject
Project("{9A19103F-16F7-4668-BE54-9A1E7A4F7556}") = "Yangtao.Hosting.Attribute", "src\Yangtao.Hosting.Attribute\Yangtao.Hosting.Attribute.csproj", "{FE1FF875-EF49-4143-A084-40186DED180B}"
EndProject
Project("{9A19103F-16F7-4668-BE54-9A1E7A4F7556}") = "Yangtao.Hosting.Controller", "src\Yangtao.Hosting.Controller\Yangtao.Hosting.Controller.csproj", "{2FA9A186-3C8F-403B-A7F5-D056BC132FD1}"
EndProject
Project("{9A19103F-16F7-4668-BE54-9A1E7A4F7556}") = "Yangtao.Hosting.Mvc", "src\Yangtao.Hosting.Mvc\Yangtao.Hosting.Mvc.csproj", "{4C15B921-E29A-4A36-99A1-40E0FBF286A3}"
EndProject
Project("{9A19103F-16F7-4668-BE54-9A1E7A4F7556}") = "Yangtao.Hosting.GrpcServer", "src\Yangtao.Hosting.GrpcServer\Yangtao.Hosting.GrpcServer.csproj", "{FCBA7309-EE75-40A4-9DAC-995A635E22F5}"
EndProject
Project("{9A19103F-16F7-4668-BE54-9A1E7A4F7556}") = "Yangtao.Hosting.Swagger", "src\Yangtao.Hosting.Swagger\Yangtao.Hosting.Swagger.csproj", "{0A7B4314-6B61-4727-958F-284A0F092C3E}"
EndProject
Project("{9A19103F-16F7-4668-BE54-9A1E7A4F7556}") = "TestExtensionsConsole", "test\TestExtensionsConsole\TestExtensionsConsole.csproj", "{C8C820F5-38D6-4540-9957-F5D3CD17339A}"
EndProject
Project("{2150E333-8FDC-42A3-9474-1A3956D46DE8}") = "Extensions", "Extensions", "{6A3CAB3C-590D-45E6-9283-EB00D4D39FD8}"
EndProject
Project("{9A19103F-16F7-4668-BE54-9A1E7A4F7556}") = "Yangtao.Hosting.Extensions", "src\Extensions\Yangtao.Hosting.Extensions\Yangtao.Hosting.Extensions.csproj", "{876FF916-57AA-4082-9599-3F480A9D3FCF}"
EndProject
Project("{9A19103F-16F7-4668-BE54-9A1E7A4F7556}") = "Yangtao.Hosting.Http.Extensions", "src\Extensions\Yangtao.Hosting.Http.Extensions\Yangtao.Hosting.Http.Extensions.csproj", "{16BD791A-A46C-4611-85FD-8AD6D28D4C9F}"
EndProject
Project("{9A19103F-16F7-4668-BE54-9A1E7A4F7556}") = "Yangtao.Hosting.Mvc.Extensions", "src\Extensions\Yangtao.Hosting.Mvc.Extensions\Yangtao.Hosting.Mvc.Extensions.csproj", "{3B28870B-232C-468A-A4FD-77B928D8C9C2}"
EndProject
Project("{9A19103F-16F7-4668-BE54-9A1E7A4F7556}") = "Yangtao.Hosting.NLog", "src\Yangtao.Hosting.NLog\Yangtao.Hosting.NLog.csproj", "{B9FF1077-D74D-4A3C-B985-C7A2AE737B78}"
EndProject
Project("{2150E333-8FDC-42A3-9474-1A3956D46DE8}") = "Repository", "Repository", "{5DCCF932-8F01-47AF-833C-F16B5EFD353C}"
EndProject
Project("{9A19103F-16F7-4668-BE54-9A1E7A4F7556}") = "Yangtao.Hosting.Repository.Abstractions", "src\Repository\Yangtao.Hosting.Repository.Abstractions\Yangtao.Hosting.Repository.Abstractions.csproj", "{8C15E582-A58E-4EF2-B741-B78CAC99C697}"
EndProject
Project("{9A19103F-16F7-4668-BE54-9A1E7A4F7556}") = "Yangtao.Hosting.Repository.Core", "src\Repository\Yangtao.Hosting.Repository.Core\Yangtao.Hosting.Repository.Core.csproj", "{AA7A5CB3-6543-4F27-BBDC-5C0A59FEDB9F}"
EndProject
Project("{9A19103F-16F7-4668-BE54-9A1E7A4F7556}") = "Yangtao.Hosting.Repository.MySql", "src\Repository\Yangtao.Hosting.Repository.MySql\Yangtao.Hosting.Repository.MySql.csproj", "{191415A7-706F-4A17-B915-8962AFF6D671}"
EndProject
Project("{9A19103F-16F7-4668-BE54-9A1E7A4F7556}") = "Yangtao.Hosting.Repository.SqlServer", "src\Repository\Yangtao.Hosting.Repository.SqlServer\Yangtao.Hosting.Repository.SqlServer.csproj", "{A862AE04-7B1C-48D0-831B-49D976970CDB}"
EndProject
Project("{9A19103F-16F7-4668-BE54-9A1E7A4F7556}") = "Yangtao.Hosting.Repository.Sqlite", "src\Repository\Yangtao.Hosting.Repository.Sqlite\Yangtao.Hosting.Repository.Sqlite.csproj", "{078E28EA-4CC8-4425-99F5-246050EA3B78}"
EndProject
Project("{9A19103F-16F7-4668-BE54-9A1E7A4F7556}") = "Yangtao.Hosting.Endpoint", "src\Yangtao.Hosting.Endpoint\Yangtao.Hosting.Endpoint.csproj", "{FD938199-E6F7-4CF0-862E-E5E10B2EAF0B}"
EndProject
Project("{9A19103F-16F7-4668-BE54-9A1E7A4F7556}") = "Yangtao.Hosting.HostedService", "src\Yangtao.Hosting.HostedService\Yangtao.Hosting.HostedService.csproj", "{34F1C889-CAEC-4F85-A5DA-CFD5C622FD7F}"
EndProject
Project("{9A19103F-16F7-4668-BE54-9A1E7A4F7556}") = "Yangtao.Hosting.Enum", "src\Yangtao.Hosting.Enum\Yangtao.Hosting.Enum.csproj", "{AE32BD80-D693-4D11-861B-FDB59A95FB91}"
EndProject
Project("{9A19103F-16F7-4668-BE54-9A1E7A4F7556}") = "Yangtao.Hosting.Encryption", "src\Yangtao.Hosting.Encryption\Yangtao.Hosting.Encryption.csproj", "{172E59DC-D77D-4737-82E8-567B0A4B62C9}"
EndProject
Project("{FAE04EC0-301F-11D3-BF4B-00C04F79EFBC}") = "Test.RSA", "test\Test.RSA\Test.RSA.csproj", "{30FDAE2B-CDD1-4752-9E5D-FBD405915C65}"
EndProject
Project("{FAE04EC0-301F-11D3-BF4B-00C04F79EFBC}") = "Test.AES", "test\Test.AES\Test.AES.csproj", "{1905B46B-B4CE-4D91-A10A-62CFCF857F36}"
EndProject
Global
	GlobalSection(SolutionConfigurationPlatforms) = preSolution
		Debug|Any CPU = Debug|Any CPU
		Release|Any CPU = Release|Any CPU
	EndGlobalSection
	GlobalSection(ProjectConfigurationPlatforms) = postSolution
		{F08E8E4B-11E6-4CEF-93CE-777CB5AA2313}.Debug|Any CPU.ActiveCfg = Debug|Any CPU
		{F08E8E4B-11E6-4CEF-93CE-777CB5AA2313}.Debug|Any CPU.Build.0 = Debug|Any CPU
		{F08E8E4B-11E6-4CEF-93CE-777CB5AA2313}.Release|Any CPU.ActiveCfg = Release|Any CPU
		{F08E8E4B-11E6-4CEF-93CE-777CB5AA2313}.Release|Any CPU.Build.0 = Release|Any CPU
		{177CDE56-8FB0-4BEA-A27F-0C09C28AB7A0}.Debug|Any CPU.ActiveCfg = Debug|Any CPU
		{177CDE56-8FB0-4BEA-A27F-0C09C28AB7A0}.Debug|Any CPU.Build.0 = Debug|Any CPU
		{177CDE56-8FB0-4BEA-A27F-0C09C28AB7A0}.Release|Any CPU.ActiveCfg = Release|Any CPU
		{177CDE56-8FB0-4BEA-A27F-0C09C28AB7A0}.Release|Any CPU.Build.0 = Release|Any CPU
		{78117348-C2F0-420C-991C-F8F85CC45168}.Debug|Any CPU.ActiveCfg = Debug|Any CPU
		{78117348-C2F0-420C-991C-F8F85CC45168}.Debug|Any CPU.Build.0 = Debug|Any CPU
		{78117348-C2F0-420C-991C-F8F85CC45168}.Release|Any CPU.ActiveCfg = Release|Any CPU
		{78117348-C2F0-420C-991C-F8F85CC45168}.Release|Any CPU.Build.0 = Release|Any CPU
		{ADA18BB6-6BDE-4E16-BBD1-0BFEE5DDDF45}.Debug|Any CPU.ActiveCfg = Debug|Any CPU
		{ADA18BB6-6BDE-4E16-BBD1-0BFEE5DDDF45}.Debug|Any CPU.Build.0 = Debug|Any CPU
		{ADA18BB6-6BDE-4E16-BBD1-0BFEE5DDDF45}.Release|Any CPU.ActiveCfg = Release|Any CPU
		{ADA18BB6-6BDE-4E16-BBD1-0BFEE5DDDF45}.Release|Any CPU.Build.0 = Release|Any CPU
		{C924E65F-4E7A-4E11-B349-49477BC9E623}.Debug|Any CPU.ActiveCfg = Debug|Any CPU
		{C924E65F-4E7A-4E11-B349-49477BC9E623}.Debug|Any CPU.Build.0 = Debug|Any CPU
		{C924E65F-4E7A-4E11-B349-49477BC9E623}.Release|Any CPU.ActiveCfg = Release|Any CPU
		{C924E65F-4E7A-4E11-B349-49477BC9E623}.Release|Any CPU.Build.0 = Release|Any CPU
		{F945F9AE-E2D3-47A2-8AF6-55FF7CAEB3C4}.Debug|Any CPU.ActiveCfg = Debug|Any CPU
		{F945F9AE-E2D3-47A2-8AF6-55FF7CAEB3C4}.Debug|Any CPU.Build.0 = Debug|Any CPU
		{F945F9AE-E2D3-47A2-8AF6-55FF7CAEB3C4}.Release|Any CPU.ActiveCfg = Release|Any CPU
		{F945F9AE-E2D3-47A2-8AF6-55FF7CAEB3C4}.Release|Any CPU.Build.0 = Release|Any CPU
		{1F57065D-022C-4B4C-AA0C-022D10E39608}.Debug|Any CPU.ActiveCfg = Debug|Any CPU
		{1F57065D-022C-4B4C-AA0C-022D10E39608}.Debug|Any CPU.Build.0 = Debug|Any CPU
		{1F57065D-022C-4B4C-AA0C-022D10E39608}.Release|Any CPU.ActiveCfg = Release|Any CPU
		{1F57065D-022C-4B4C-AA0C-022D10E39608}.Release|Any CPU.Build.0 = Release|Any CPU
		{FE1FF875-EF49-4143-A084-40186DED180B}.Debug|Any CPU.ActiveCfg = Debug|Any CPU
		{FE1FF875-EF49-4143-A084-40186DED180B}.Debug|Any CPU.Build.0 = Debug|Any CPU
		{FE1FF875-EF49-4143-A084-40186DED180B}.Release|Any CPU.ActiveCfg = Release|Any CPU
		{FE1FF875-EF49-4143-A084-40186DED180B}.Release|Any CPU.Build.0 = Release|Any CPU
		{2FA9A186-3C8F-403B-A7F5-D056BC132FD1}.Debug|Any CPU.ActiveCfg = Debug|Any CPU
		{2FA9A186-3C8F-403B-A7F5-D056BC132FD1}.Debug|Any CPU.Build.0 = Debug|Any CPU
		{2FA9A186-3C8F-403B-A7F5-D056BC132FD1}.Release|Any CPU.ActiveCfg = Release|Any CPU
		{2FA9A186-3C8F-403B-A7F5-D056BC132FD1}.Release|Any CPU.Build.0 = Release|Any CPU
		{4C15B921-E29A-4A36-99A1-40E0FBF286A3}.Debug|Any CPU.ActiveCfg = Debug|Any CPU
		{4C15B921-E29A-4A36-99A1-40E0FBF286A3}.Debug|Any CPU.Build.0 = Debug|Any CPU
		{4C15B921-E29A-4A36-99A1-40E0FBF286A3}.Release|Any CPU.ActiveCfg = Release|Any CPU
		{4C15B921-E29A-4A36-99A1-40E0FBF286A3}.Release|Any CPU.Build.0 = Release|Any CPU
		{FCBA7309-EE75-40A4-9DAC-995A635E22F5}.Debug|Any CPU.ActiveCfg = Debug|Any CPU
		{FCBA7309-EE75-40A4-9DAC-995A635E22F5}.Debug|Any CPU.Build.0 = Debug|Any CPU
		{FCBA7309-EE75-40A4-9DAC-995A635E22F5}.Release|Any CPU.ActiveCfg = Release|Any CPU
		{FCBA7309-EE75-40A4-9DAC-995A635E22F5}.Release|Any CPU.Build.0 = Release|Any CPU
		{0A7B4314-6B61-4727-958F-284A0F092C3E}.Debug|Any CPU.ActiveCfg = Debug|Any CPU
		{0A7B4314-6B61-4727-958F-284A0F092C3E}.Debug|Any CPU.Build.0 = Debug|Any CPU
		{0A7B4314-6B61-4727-958F-284A0F092C3E}.Release|Any CPU.ActiveCfg = Release|Any CPU
		{0A7B4314-6B61-4727-958F-284A0F092C3E}.Release|Any CPU.Build.0 = Release|Any CPU
		{C8C820F5-38D6-4540-9957-F5D3CD17339A}.Debug|Any CPU.ActiveCfg = Debug|Any CPU
		{C8C820F5-38D6-4540-9957-F5D3CD17339A}.Debug|Any CPU.Build.0 = Debug|Any CPU
		{C8C820F5-38D6-4540-9957-F5D3CD17339A}.Release|Any CPU.ActiveCfg = Release|Any CPU
		{C8C820F5-38D6-4540-9957-F5D3CD17339A}.Release|Any CPU.Build.0 = Release|Any CPU
		{876FF916-57AA-4082-9599-3F480A9D3FCF}.Debug|Any CPU.ActiveCfg = Debug|Any CPU
		{876FF916-57AA-4082-9599-3F480A9D3FCF}.Debug|Any CPU.Build.0 = Debug|Any CPU
		{876FF916-57AA-4082-9599-3F480A9D3FCF}.Release|Any CPU.ActiveCfg = Release|Any CPU
		{876FF916-57AA-4082-9599-3F480A9D3FCF}.Release|Any CPU.Build.0 = Release|Any CPU
		{16BD791A-A46C-4611-85FD-8AD6D28D4C9F}.Debug|Any CPU.ActiveCfg = Debug|Any CPU
		{16BD791A-A46C-4611-85FD-8AD6D28D4C9F}.Debug|Any CPU.Build.0 = Debug|Any CPU
		{16BD791A-A46C-4611-85FD-8AD6D28D4C9F}.Release|Any CPU.ActiveCfg = Release|Any CPU
		{16BD791A-A46C-4611-85FD-8AD6D28D4C9F}.Release|Any CPU.Build.0 = Release|Any CPU
		{3B28870B-232C-468A-A4FD-77B928D8C9C2}.Debug|Any CPU.ActiveCfg = Debug|Any CPU
		{3B28870B-232C-468A-A4FD-77B928D8C9C2}.Debug|Any CPU.Build.0 = Debug|Any CPU
		{3B28870B-232C-468A-A4FD-77B928D8C9C2}.Release|Any CPU.ActiveCfg = Release|Any CPU
		{3B28870B-232C-468A-A4FD-77B928D8C9C2}.Release|Any CPU.Build.0 = Release|Any CPU
		{B9FF1077-D74D-4A3C-B985-C7A2AE737B78}.Debug|Any CPU.ActiveCfg = Debug|Any CPU
		{B9FF1077-D74D-4A3C-B985-C7A2AE737B78}.Debug|Any CPU.Build.0 = Debug|Any CPU
		{B9FF1077-D74D-4A3C-B985-C7A2AE737B78}.Release|Any CPU.ActiveCfg = Release|Any CPU
		{B9FF1077-D74D-4A3C-B985-C7A2AE737B78}.Release|Any CPU.Build.0 = Release|Any CPU
		{8C15E582-A58E-4EF2-B741-B78CAC99C697}.Debug|Any CPU.ActiveCfg = Debug|Any CPU
		{8C15E582-A58E-4EF2-B741-B78CAC99C697}.Debug|Any CPU.Build.0 = Debug|Any CPU
		{8C15E582-A58E-4EF2-B741-B78CAC99C697}.Release|Any CPU.ActiveCfg = Release|Any CPU
		{8C15E582-A58E-4EF2-B741-B78CAC99C697}.Release|Any CPU.Build.0 = Release|Any CPU
		{AA7A5CB3-6543-4F27-BBDC-5C0A59FEDB9F}.Debug|Any CPU.ActiveCfg = Debug|Any CPU
		{AA7A5CB3-6543-4F27-BBDC-5C0A59FEDB9F}.Debug|Any CPU.Build.0 = Debug|Any CPU
		{AA7A5CB3-6543-4F27-BBDC-5C0A59FEDB9F}.Release|Any CPU.ActiveCfg = Release|Any CPU
		{AA7A5CB3-6543-4F27-BBDC-5C0A59FEDB9F}.Release|Any CPU.Build.0 = Release|Any CPU
		{191415A7-706F-4A17-B915-8962AFF6D671}.Debug|Any CPU.ActiveCfg = Debug|Any CPU
		{191415A7-706F-4A17-B915-8962AFF6D671}.Debug|Any CPU.Build.0 = Debug|Any CPU
		{191415A7-706F-4A17-B915-8962AFF6D671}.Release|Any CPU.ActiveCfg = Release|Any CPU
		{191415A7-706F-4A17-B915-8962AFF6D671}.Release|Any CPU.Build.0 = Release|Any CPU
		{A862AE04-7B1C-48D0-831B-49D976970CDB}.Debug|Any CPU.ActiveCfg = Debug|Any CPU
		{A862AE04-7B1C-48D0-831B-49D976970CDB}.Debug|Any CPU.Build.0 = Debug|Any CPU
		{A862AE04-7B1C-48D0-831B-49D976970CDB}.Release|Any CPU.ActiveCfg = Release|Any CPU
		{A862AE04-7B1C-48D0-831B-49D976970CDB}.Release|Any CPU.Build.0 = Release|Any CPU
		{078E28EA-4CC8-4425-99F5-246050EA3B78}.Debug|Any CPU.ActiveCfg = Debug|Any CPU
		{078E28EA-4CC8-4425-99F5-246050EA3B78}.Debug|Any CPU.Build.0 = Debug|Any CPU
		{078E28EA-4CC8-4425-99F5-246050EA3B78}.Release|Any CPU.ActiveCfg = Release|Any CPU
		{078E28EA-4CC8-4425-99F5-246050EA3B78}.Release|Any CPU.Build.0 = Release|Any CPU
		{FD938199-E6F7-4CF0-862E-E5E10B2EAF0B}.Debug|Any CPU.ActiveCfg = Debug|Any CPU
		{FD938199-E6F7-4CF0-862E-E5E10B2EAF0B}.Debug|Any CPU.Build.0 = Debug|Any CPU
		{FD938199-E6F7-4CF0-862E-E5E10B2EAF0B}.Release|Any CPU.ActiveCfg = Release|Any CPU
		{FD938199-E6F7-4CF0-862E-E5E10B2EAF0B}.Release|Any CPU.Build.0 = Release|Any CPU
		{34F1C889-CAEC-4F85-A5DA-CFD5C622FD7F}.Debug|Any CPU.ActiveCfg = Debug|Any CPU
		{34F1C889-CAEC-4F85-A5DA-CFD5C622FD7F}.Debug|Any CPU.Build.0 = Debug|Any CPU
		{34F1C889-CAEC-4F85-A5DA-CFD5C622FD7F}.Release|Any CPU.ActiveCfg = Release|Any CPU
		{34F1C889-CAEC-4F85-A5DA-CFD5C622FD7F}.Release|Any CPU.Build.0 = Release|Any CPU
		{AE32BD80-D693-4D11-861B-FDB59A95FB91}.Debug|Any CPU.ActiveCfg = Debug|Any CPU
		{AE32BD80-D693-4D11-861B-FDB59A95FB91}.Debug|Any CPU.Build.0 = Debug|Any CPU
		{AE32BD80-D693-4D11-861B-FDB59A95FB91}.Release|Any CPU.ActiveCfg = Release|Any CPU
		{AE32BD80-D693-4D11-861B-FDB59A95FB91}.Release|Any CPU.Build.0 = Release|Any CPU
		{172E59DC-D77D-4737-82E8-567B0A4B62C9}.Debug|Any CPU.ActiveCfg = Debug|Any CPU
		{172E59DC-D77D-4737-82E8-567B0A4B62C9}.Debug|Any CPU.Build.0 = Debug|Any CPU
		{172E59DC-D77D-4737-82E8-567B0A4B62C9}.Release|Any CPU.ActiveCfg = Release|Any CPU
		{172E59DC-D77D-4737-82E8-567B0A4B62C9}.Release|Any CPU.Build.0 = Release|Any CPU
		{30FDAE2B-CDD1-4752-9E5D-FBD405915C65}.Debug|Any CPU.ActiveCfg = Debug|Any CPU
		{30FDAE2B-CDD1-4752-9E5D-FBD405915C65}.Debug|Any CPU.Build.0 = Debug|Any CPU
		{30FDAE2B-CDD1-4752-9E5D-FBD405915C65}.Release|Any CPU.ActiveCfg = Release|Any CPU
		{30FDAE2B-CDD1-4752-9E5D-FBD405915C65}.Release|Any CPU.Build.0 = Release|Any CPU
		{1905B46B-B4CE-4D91-A10A-62CFCF857F36}.Debug|Any CPU.ActiveCfg = Debug|Any CPU
		{1905B46B-B4CE-4D91-A10A-62CFCF857F36}.Debug|Any CPU.Build.0 = Debug|Any CPU
		{1905B46B-B4CE-4D91-A10A-62CFCF857F36}.Release|Any CPU.ActiveCfg = Release|Any CPU
		{1905B46B-B4CE-4D91-A10A-62CFCF857F36}.Release|Any CPU.Build.0 = Release|Any CPU
	EndGlobalSection
	GlobalSection(SolutionProperties) = preSolution
		HideSolutionNode = FALSE
	EndGlobalSection
	GlobalSection(NestedProjects) = preSolution
		{F08E8E4B-11E6-4CEF-93CE-777CB5AA2313} = {0F8D7355-F530-40C9-A64D-ABA3CFA6C79F}
		{177CDE56-8FB0-4BEA-A27F-0C09C28AB7A0} = {0F8D7355-F530-40C9-A64D-ABA3CFA6C79F}
		{78117348-C2F0-420C-991C-F8F85CC45168} = {0F8D7355-F530-40C9-A64D-ABA3CFA6C79F}
		{7A1579E9-5D3B-4E55-9567-A9C3360A56CA} = {0F8D7355-F530-40C9-A64D-ABA3CFA6C79F}
		{AD7CF780-FBA8-436D-B141-EADB8AEAD28B} = {0F8D7355-F530-40C9-A64D-ABA3CFA6C79F}
		{ADA18BB6-6BDE-4E16-BBD1-0BFEE5DDDF45} = {AD7CF780-FBA8-436D-B141-EADB8AEAD28B}
		{C924E65F-4E7A-4E11-B349-49477BC9E623} = {AD7CF780-FBA8-436D-B141-EADB8AEAD28B}
		{F945F9AE-E2D3-47A2-8AF6-55FF7CAEB3C4} = {7A1579E9-5D3B-4E55-9567-A9C3360A56CA}
		{1F57065D-022C-4B4C-AA0C-022D10E39608} = {7A1579E9-5D3B-4E55-9567-A9C3360A56CA}
		{FE1FF875-EF49-4143-A084-40186DED180B} = {0F8D7355-F530-40C9-A64D-ABA3CFA6C79F}
		{2FA9A186-3C8F-403B-A7F5-D056BC132FD1} = {0F8D7355-F530-40C9-A64D-ABA3CFA6C79F}
		{4C15B921-E29A-4A36-99A1-40E0FBF286A3} = {0F8D7355-F530-40C9-A64D-ABA3CFA6C79F}
		{FCBA7309-EE75-40A4-9DAC-995A635E22F5} = {0F8D7355-F530-40C9-A64D-ABA3CFA6C79F}
		{0A7B4314-6B61-4727-958F-284A0F092C3E} = {0F8D7355-F530-40C9-A64D-ABA3CFA6C79F}
		{C8C820F5-38D6-4540-9957-F5D3CD17339A} = {E54AF2F8-8C5F-4A19-BD6E-E63DEC4CA1AD}
		{6A3CAB3C-590D-45E6-9283-EB00D4D39FD8} = {0F8D7355-F530-40C9-A64D-ABA3CFA6C79F}
		{876FF916-57AA-4082-9599-3F480A9D3FCF} = {6A3CAB3C-590D-45E6-9283-EB00D4D39FD8}
		{16BD791A-A46C-4611-85FD-8AD6D28D4C9F} = {6A3CAB3C-590D-45E6-9283-EB00D4D39FD8}
		{3B28870B-232C-468A-A4FD-77B928D8C9C2} = {6A3CAB3C-590D-45E6-9283-EB00D4D39FD8}
		{B9FF1077-D74D-4A3C-B985-C7A2AE737B78} = {0F8D7355-F530-40C9-A64D-ABA3CFA6C79F}
		{5DCCF932-8F01-47AF-833C-F16B5EFD353C} = {0F8D7355-F530-40C9-A64D-ABA3CFA6C79F}
		{8C15E582-A58E-4EF2-B741-B78CAC99C697} = {5DCCF932-8F01-47AF-833C-F16B5EFD353C}
		{AA7A5CB3-6543-4F27-BBDC-5C0A59FEDB9F} = {5DCCF932-8F01-47AF-833C-F16B5EFD353C}
		{191415A7-706F-4A17-B915-8962AFF6D671} = {5DCCF932-8F01-47AF-833C-F16B5EFD353C}
		{A862AE04-7B1C-48D0-831B-49D976970CDB} = {5DCCF932-8F01-47AF-833C-F16B5EFD353C}
		{078E28EA-4CC8-4425-99F5-246050EA3B78} = {5DCCF932-8F01-47AF-833C-F16B5EFD353C}
		{FD938199-E6F7-4CF0-862E-E5E10B2EAF0B} = {0F8D7355-F530-40C9-A64D-ABA3CFA6C79F}
		{34F1C889-CAEC-4F85-A5DA-CFD5C622FD7F} = {0F8D7355-F530-40C9-A64D-ABA3CFA6C79F}
		{AE32BD80-D693-4D11-861B-FDB59A95FB91} = {0F8D7355-F530-40C9-A64D-ABA3CFA6C79F}
		{172E59DC-D77D-4737-82E8-567B0A4B62C9} = {0F8D7355-F530-40C9-A64D-ABA3CFA6C79F}
		{30FDAE2B-CDD1-4752-9E5D-FBD405915C65} = {E54AF2F8-8C5F-4A19-BD6E-E63DEC4CA1AD}
		{1905B46B-B4CE-4D91-A10A-62CFCF857F36} = {E54AF2F8-8C5F-4A19-BD6E-E63DEC4CA1AD}
	EndGlobalSection
	GlobalSection(ExtensibilityGlobals) = postSolution
		SolutionGuid = {28EDA54C-950D-459F-AFC9-092C65E8B3D9}
	EndGlobalSection
EndGlobal
